# DANGER: EDIT AT YOUR OWN RISK. Track this file in version control so that others can sync files correctly.
- commit: 2746da4f0e3fe82316166b7eee7a55840130e7fe
  files:
  - .github/python-release.yaml
  - .github/python-test.yaml
  - .github/workflows/lint.yaml
  - LICENSE
  - mypy.ini
  - pyproject.toml
  - pytest.ini
  - python.gitignore
  - python.mirror.yaml
  - python.pre-commit-config.yaml
  - requirements-dev.txt
  - requirements.txt
  - ruff.toml
  - template-README.md
  - version.txt
  source: https://github.com/George-Ogden/mirror-config
