# DANGER: EDIT AT YOUR OWN RISK. Track this file in version control so that others can sync files correctly.
- commit: 5e3faeb9107c81607ae512d75875d65e6289f9a1
  files:
  - .github/pypi-publish.yaml
  - .github/python-docs.yaml
  - .github/python-release.yaml
  - .github/python-test.yaml
  - .github/workflows/lint.yaml
  - LICENSE
  - docs-placeholder.md
  - mkdocs-template.yaml
  - mypy.ini
  - pyproject.toml
  - pytest.ini
  - python.gitignore
  - python.mirror.yaml
  - python.pre-commit-config.yaml
  - requirements-dev.txt
  - requirements-docs.txt
  - requirements.txt
  - ruff.toml
  - template-README.md
  - version.txt
  source: https://github.com/George-Ogden/mirror-config
